
Microsoft Visual Studio Solution File, Format Version 12.00
# Visual Studio Version 17
VisualStudioVersion = 17.5.002.0
MinimumVisualStudioVersion = 10.0.40219.1
Project("{FAE04EC0-301F-11D3-BF4B-00C04F79EFBC}") = "supabaseJobAPI", "supabaseJobAPI\supabaseJobAPI.csproj", "{42C49BF1-AF7D-406F-A7EE-B9372C087800}"
EndProject
Project("{FAE04EC0-301F-11D3-BF4B-00C04F79EFBC}") = "supabaseWebApi.Test", "supabaseWebApi.Test\supabaseWebApi.Test.csproj", "{71A4AD5D-58C9-4E12-AC11-42F57BB1639C}"
EndProject
Global
	GlobalSection(SolutionConfigurationPlatforms) = preSolution
		Debug|Any CPU = Debug|Any CPU
		Release|Any CPU = Release|Any CPU
	EndGlobalSection
	GlobalSection(ProjectConfigurationPlatforms) = postSolution
		{AE515385-13B6-44AD-A94B-3251AB6E025C}.Debug|Any CPU.ActiveCfg = Debug|Any CPU
		{AE515385-13B6-44AD-A94B-3251AB6E025C}.Debug|Any CPU.Build.0 = Debug|Any CPU
		{AE515385-13B6-44AD-A94B-3251AB6E025C}.Release|Any CPU.ActiveCfg = Release|Any CPU
		{AE515385-13B6-44AD-A94B-3251AB6E025C}.Release|Any CPU.Build.0 = Release|Any CPU
		{42C49BF1-AF7D-406F-A7EE-B9372C087800}.Debug|Any CPU.ActiveCfg = Debug|Any CPU
		{42C49BF1-AF7D-406F-A7EE-B9372C087800}.Debug|Any CPU.Build.0 = Debug|Any CPU
		{42C49BF1-AF7D-406F-A7EE-B9372C087800}.Release|Any CPU.ActiveCfg = Release|Any CPU
		{42C49BF1-AF7D-406F-A7EE-B9372C087800}.Release|Any CPU.Build.0 = Release|Any CPU
		{71A4AD5D-58C9-4E12-AC11-42F57BB1639C}.Debug|Any CPU.ActiveCfg = Debug|Any CPU
		{71A4AD5D-58C9-4E12-AC11-42F57BB1639C}.Debug|Any CPU.Build.0 = Debug|Any CPU
		{71A4AD5D-58C9-4E12-AC11-42F57BB1639C}.Release|Any CPU.ActiveCfg = Release|Any CPU
		{71A4AD5D-58C9-4E12-AC11-42F57BB1639C}.Release|Any CPU.Build.0 = Release|Any CPU
	EndGlobalSection
	GlobalSection(SolutionProperties) = preSolution
		HideSolutionNode = FALSE
	EndGlobalSection
	GlobalSection(ExtensibilityGlobals) = postSolution
		SolutionGuid = {36326B8A-AB3C-4DCE-9B04-E26408EC7D12}
	EndGlobalSection
EndGlobal
